<?xml version="1.0" encoding="utf-8"?>
<Project ToolsVersion="4.0" xmlns="http://schemas.microsoft.com/developer/msbuild/2003">
  <ItemGroup>
    <Filter Include="Fichiers sources">
      <UniqueIdentifier>{4FC737F1-C7A5-4376-A066-2A32D752A2FF}</UniqueIdentifier>
      <Extensions>cpp;c;cc;cxx;def;odl;idl;hpj;bat;asm;asmx</Extensions>
    </Filter>
    <Filter Include="Fichiers d%27en-tête">
      <UniqueIdentifier>{93995380-89BD-4b04-88EB-625FBE52EBFB}</UniqueIdentifier>
      <Extensions>h;hh;hpp;hxx;hm;inl;inc;ipp;xsd</Extensions>
    </Filter>
    <Filter Include="Fichiers de ressources">
      <UniqueIdentifier>{67DA6AB6-F800-4c08-8B7A-83BB121AAD01}</UniqueIdentifier>
      <Extensions>rc;ico;cur;bmp;dlg;rc2;rct;bin;rgs;gif;jpg;jpeg;jpe;resx;tiff;tif;png;wav;mfcribbon-ms</Extensions>
    </Filter>
    <Filter Include="En-têtesPrécompilés">
      <UniqueIdentifier>{96905b04-9907-42b3-aac0-4d320c6f9b87}</UniqueIdentifier>
    </Filter>
    <Filter Include="Dlls">
      <UniqueIdentifier>{25079223-6d81-479c-b54b-df13047e3b40}</UniqueIdentifier>
    </Filter>
    <Filter Include="Fichiers d%27en-tête\ContentManagers">
      <UniqueIdentifier>{0921e7ba-9668-40ca-bad5-4ed6868e58e8}</UniqueIdentifier>
    </Filter>
    <Filter Include="Fichiers sources\ContentManagers">
      <UniqueIdentifier>{bb031a86-9547-44cf-b31c-3ed984181810}</UniqueIdentifier>
    </Filter>
    <Filter Include="Fichiers d%27en-tête\Scenes">
      <UniqueIdentifier>{e359d931-936d-4316-94e1-df877b7fd13d}</UniqueIdentifier>
    </Filter>
    <Filter Include="Fichiers sources\Scenes">
      <UniqueIdentifier>{e635f09c-ff66-45e4-a39d-2f8126a6eb4a}</UniqueIdentifier>
    </Filter>
    <Filter Include="Fichiers sources\Enemies">
      <UniqueIdentifier>{ff56f5c4-0ab6-461d-b7af-853287b51bdd}</UniqueIdentifier>
    </Filter>
    <Filter Include="Fichiers d%27en-tête\Enemies">
      <UniqueIdentifier>{bbdf7e14-2450-405b-b0aa-7824d03b963a}</UniqueIdentifier>
    </Filter>
    <Filter Include="Fichiers sources\Animations">
      <UniqueIdentifier>{1992ec59-10ab-48a1-958b-4f5e3ea83fdb}</UniqueIdentifier>
    </Filter>
    <Filter Include="Fichiers d%27en-tête\Animations">
      <UniqueIdentifier>{af040848-05c4-4543-9e98-e6928452c612}</UniqueIdentifier>
    </Filter>
    <Filter Include="Fichiers d%27en-tête\Pool">
      <UniqueIdentifier>{9a847239-32ea-4cf7-87d1-f2d2c51363ea}</UniqueIdentifier>
    </Filter>
  </ItemGroup>
  <ItemGroup>
    <ClInclude Include="targetver.h">
      <Filter>Fichiers d%27en-tête</Filter>
    </ClInclude>
    <ClInclude Include="game.h">
      <Filter>Fichiers d%27en-tête</Filter>
    </ClInclude>
    <ClInclude Include="stdafx.h">
      <Filter>En-têtesPrécompilés</Filter>
    </ClInclude>
    <ClInclude Include="GameObject.h">
      <Filter>Fichiers d%27en-tête</Filter>
    </ClInclude>
    <ClInclude Include="GameContentManager.h">
      <Filter>Fichiers d%27en-tête\ContentManagers</Filter>
    </ClInclude>
    <ClInclude Include="ContentManager.h">
      <Filter>Fichiers d%27en-tête\ContentManagers</Filter>
    </ClInclude>
    <ClInclude Include="GameScene.h">
      <Filter>Fichiers d%27en-tête\Scenes</Filter>
    </ClInclude>
    <ClInclude Include="Scene.h">
      <Filter>Fichiers d%27en-tête\Scenes</Filter>
    </ClInclude>
    <ClInclude Include="SceneResult.h">
      <Filter>Fichiers d%27en-tête\Scenes</Filter>
    </ClInclude>
    <ClInclude Include="scenetype.h">
      <Filter>Fichiers d%27en-tête\Scenes</Filter>
    </ClInclude>
    <ClInclude Include="Player.h">
      <Filter>Fichiers d%27en-tête</Filter>
    </ClInclude>
    <ClInclude Include="EndGameContentManager.h">
      <Filter>Fichiers d%27en-tête\ContentManagers</Filter>
    </ClInclude>
    <ClInclude Include="TitleContentManager.h">
      <Filter>Fichiers d%27en-tête\ContentManagers</Filter>
    </ClInclude>
    <ClInclude Include="TitleScene.h">
      <Filter>Fichiers d%27en-tête\Scenes</Filter>
    </ClInclude>
    <ClInclude Include="EndGameScene.h">
      <Filter>Fichiers d%27en-tête\Scenes</Filter>
    </ClInclude>
    <ClInclude Include="Bullet.h">
      <Filter>Fichiers d%27en-tête</Filter>
    </ClInclude>
    <ClInclude Include="Enemy.h">
      <Filter>Fichiers d%27en-tête\Enemies</Filter>
    </ClInclude>
    <ClInclude Include="FrontLineEnemy.h">
      <Filter>Fichiers d%27en-tête\Enemies</Filter>
    </ClInclude>
    <ClInclude Include="BackLineEnemy.h">
      <Filter>Fichiers d%27en-tête\Enemies</Filter>
    </ClInclude>
    <ClInclude Include="AttackEnemy.h">
      <Filter>Fichiers d%27en-tête\Enemies</Filter>
    </ClInclude>
    <ClInclude Include="GameHud.h">
      <Filter>Fichiers d%27en-tête</Filter>
    </ClInclude>
    <ClInclude Include="PlayerExplodingAnimation.h">
      <Filter>Fichiers d%27en-tête\Animations</Filter>
    </ClInclude>
    <ClInclude Include="Animation.h">
      <Filter>Fichiers d%27en-tête\Animations</Filter>
    </ClInclude>
    <ClInclude Include="AnimationState.h">
      <Filter>Fichiers d%27en-tête\Animations</Filter>
    </ClInclude>
    <ClInclude Include="AnimationFrame.h">
      <Filter>Fichiers d%27en-tête\Animations</Filter>
    </ClInclude>
    <ClInclude Include="AnimatedGameObject.h">
      <Filter>Fichiers d%27en-tête\Animations</Filter>
    </ClInclude>
    <ClInclude Include="Inputs.h">
      <Filter>Fichiers d%27en-tête</Filter>
    </ClInclude>
    <ClInclude Include="LinearAnimation.h">
      <Filter>Fichiers d%27en-tête\Animations</Filter>
    </ClInclude>
    <ClInclude Include="PlayerIdleAnimation.h">
      <Filter>Fichiers d%27en-tête\Animations</Filter>
    </ClInclude>
    <ClInclude Include="Bullet.h">
      <Filter>Fichiers d%27en-tête</Filter>
    </ClInclude>
    <ClInclude Include="Bonus.h">
      <Filter>Fichiers d%27en-tête</Filter>
    </ClInclude>
    <ClInclude Include="Pool.h">
      <Filter>Fichiers d%27en-tête\Pool</Filter>
    </ClInclude>
    <ClInclude Include="BulletPool.h">
      <Filter>Fichiers d%27en-tête\Pool</Filter>
    </ClInclude>
    <ClInclude Include="EnemyPool.h">
      <Filter>Fichiers d%27en-tête\Pool</Filter>
    </ClInclude>
    <ClInclude Include="BonusPool.h">
      <Filter>Fichiers d%27en-tête\Pool</Filter>
    </ClInclude>
    <ClInclude Include="event.h">
      <Filter>Fichiers d%27en-tête</Filter>
    </ClInclude>
    <ClInclude Include="Publisher.h">
      <Filter>Fichiers d%27en-tête</Filter>
    </ClInclude>
    <ClInclude Include="Subscriber.h">
      <Filter>Fichiers d%27en-tête</Filter>
    </ClInclude>
    <ClInclude Include="EnemyDeathData.h">
      <Filter>Fichiers d%27en-tête\Enemies</Filter>
    </ClInclude>
  </ItemGroup>
  <ItemGroup>
    <ClCompile Include="game.cpp">
      <Filter>Fichiers sources</Filter>
    </ClCompile>
    <ClCompile Include="stdafx.cpp">
      <Filter>En-têtesPrécompilés</Filter>
    </ClCompile>
    <ClCompile Include="GameObject.cpp">
      <Filter>Fichiers sources</Filter>
    </ClCompile>
    <ClCompile Include="GameContentManager.cpp">
      <Filter>Fichiers sources\ContentManagers</Filter>
    </ClCompile>
    <ClCompile Include="GameScene.cpp">
      <Filter>Fichiers sources\Scenes</Filter>
    </ClCompile>
    <ClCompile Include="Scene.cpp">
      <Filter>Fichiers sources\Scenes</Filter>
    </ClCompile>
    <ClCompile Include="Player.cpp">
      <Filter>Fichiers sources</Filter>
    </ClCompile>
    <ClCompile Include="EndGameContentManager.cpp">
      <Filter>Fichiers sources\ContentManagers</Filter>
    </ClCompile>
    <ClCompile Include="TitleContentManager.cpp">
      <Filter>Fichiers sources\ContentManagers</Filter>
    </ClCompile>
    <ClCompile Include="TitleScene.cpp">
      <Filter>Fichiers sources\Scenes</Filter>
    </ClCompile>
    <ClCompile Include="EndGameScene.cpp">
      <Filter>Fichiers sources\Scenes</Filter>
    </ClCompile>
    <ClCompile Include="Bullet.cpp">
      <Filter>Fichiers sources</Filter>
    </ClCompile>
    <ClCompile Include="Enemy.cpp">
      <Filter>Fichiers sources\Enemies</Filter>
    </ClCompile>
    <ClCompile Include="FrontLineEnemy.cpp">
      <Filter>Fichiers sources\Enemies</Filter>
    </ClCompile>
    <ClCompile Include="BackLineEnemy.cpp">
      <Filter>Fichiers sources\Enemies</Filter>
    </ClCompile>
    <ClCompile Include="AttackEnemy.cpp">
      <Filter>Fichiers sources\Enemies</Filter>
    </ClCompile>
    <ClCompile Include="GameHud.cpp">
      <Filter>Fichiers sources</Filter>
    </ClCompile>
    <ClCompile Include="PlayerExplodingAnimation.cpp">
      <Filter>Fichiers sources\Animations</Filter>
    </ClCompile>
    <ClCompile Include="Animation.cpp">
      <Filter>Fichiers sources\Animations</Filter>
    </ClCompile>
    <ClCompile Include="AnimationFrame.cpp">
      <Filter>Fichiers sources\Animations</Filter>
    </ClCompile>
    <ClCompile Include="AnimatedGameObject.cpp">
      <Filter>Fichiers sources\Animations</Filter>
    </ClCompile>
    <ClCompile Include="Inputs.cpp">
      <Filter>Fichiers sources</Filter>
    </ClCompile>
    <ClCompile Include="LinearAnimation.cpp">
      <Filter>Fichiers sources\Animations</Filter>
    </ClCompile>
    <ClCompile Include="PlayerIdleAnimation.cpp">
      <Filter>Fichiers sources\Animations</Filter>
    </ClCompile>
    <ClCompile Include="Bullet.cpp">
      <Filter>Fichiers sources</Filter>
    </ClCompile>
    <ClCompile Include="Bonus.cpp">
      <Filter>Fichiers sources</Filter>
    </ClCompile>
    <ClCompile Include="Publisher.cpp">
      <Filter>Fichiers sources</Filter>
    </ClCompile>
  </ItemGroup>
  <ItemGroup>
    <CopyFileToFolders Include="..\extern\SFML\bin\openal32.dll" />
    <CopyFileToFolders Include="..\extern\SFML\bin\sfml-audio-2.dll" />
    <CopyFileToFolders Include="..\extern\SFML\bin\sfml-audio-d-2.dll" />
    <CopyFileToFolders Include="..\extern\SFML\bin\sfml-graphics-2.dll" />
    <CopyFileToFolders Include="..\extern\SFML\bin\sfml-graphics-d-2.dll" />
    <CopyFileToFolders Include="..\extern\SFML\bin\sfml-network-2.dll" />
    <CopyFileToFolders Include="..\extern\SFML\bin\sfml-network-d-2.dll" />
    <CopyFileToFolders Include="..\extern\SFML\bin\sfml-system-2.dll" />
    <CopyFileToFolders Include="..\extern\SFML\bin\sfml-system-d-2.dll" />
    <CopyFileToFolders Include="..\extern\SFML\bin\sfml-window-2.dll" />
    <CopyFileToFolders Include="..\extern\SFML\bin\sfml-window-d-2.dll" />
  </ItemGroup>
</Project>